// !$*UTF8*$!
{
	archiveVersion = 1;
	classes = {
	};
	objectVersion = 46;
	objects = {

/* Begin PBXBuildFile section */
		49098F01163A247200C6E793 /* UIKit.framework in Frameworks */ = {isa = PBXBuildFile; fileRef = 49098F00163A247200C6E793 /* UIKit.framework */; };
		49098F03163A247200C6E793 /* Foundation.framework in Frameworks */ = {isa = PBXBuildFile; fileRef = 49098F02163A247200C6E793 /* Foundation.framework */; };
		49098F05163A247200C6E793 /* CoreGraphics.framework in Frameworks */ = {isa = PBXBuildFile; fileRef = 49098F04163A247200C6E793 /* CoreGraphics.framework */; };
		49098F0B163A247200C6E793 /* InfoPlist.strings in Resources */ = {isa = PBXBuildFile; fileRef = 49098F09163A247200C6E793 /* InfoPlist.strings */; };
		49098F0D163A247200C6E793 /* main.m in Sources */ = {isa = PBXBuildFile; fileRef = 49098F0C163A247200C6E793 /* main.m */; };
		49098F11163A247200C6E793 /* ClassAppDelegate.m in Sources */ = {isa = PBXBuildFile; fileRef = 49098F10163A247200C6E793 /* ClassAppDelegate.m */; };
		49098F13163A247200C6E793 /* Default.png in Resources */ = {isa = PBXBuildFile; fileRef = 49098F12163A247200C6E793 /* Default.png */; };
		49098F15163A247200C6E793 /* Default@2x.png in Resources */ = {isa = PBXBuildFile; fileRef = 49098F14163A247200C6E793 /* Default@2x.png */; };
		49098F17163A247200C6E793 /* Default-568h@2x.png in Resources */ = {isa = PBXBuildFile; fileRef = 49098F16163A247200C6E793 /* Default-568h@2x.png */; };
		49098F1A163A247200C6E793 /* ClassViewController.m in Sources */ = {isa = PBXBuildFile; fileRef = 49098F19163A247200C6E793 /* ClassViewController.m */; };
		49098F25163A247200C6E793 /* SenTestingKit.framework in Frameworks */ = {isa = PBXBuildFile; fileRef = 49098F24163A247200C6E793 /* SenTestingKit.framework */; };
		49098F26163A247200C6E793 /* UIKit.framework in Frameworks */ = {isa = PBXBuildFile; fileRef = 49098F00163A247200C6E793 /* UIKit.framework */; };
		49098F27163A247200C6E793 /* Foundation.framework in Frameworks */ = {isa = PBXBuildFile; fileRef = 49098F02163A247200C6E793 /* Foundation.framework */; };
		49098F2F163A247200C6E793 /* InfoPlist.strings in Resources */ = {isa = PBXBuildFile; fileRef = 49098F2D163A247200C6E793 /* InfoPlist.strings */; };
		49098F32163A247200C6E793 /* ImageGalleryDemoTests.m in Sources */ = {isa = PBXBuildFile; fileRef = 49098F31163A247200C6E793 /* ImageGalleryDemoTests.m */; };
		49098F3C163A24C300C6E793 /* FacebookSDK.framework in Frameworks */ = {isa = PBXBuildFile; fileRef = 49098F3B163A24C300C6E793 /* FacebookSDK.framework */; };
		49098F41163A24D300C6E793 /* FacebookSDKResources.bundle in Resources */ = {isa = PBXBuildFile; fileRef = 49098F3E163A24D300C6E793 /* FacebookSDKResources.bundle */; };
		49098F42163A24D300C6E793 /* FBUserSettingsViewResources.bundle in Resources */ = {isa = PBXBuildFile; fileRef = 49098F3F163A24D300C6E793 /* FBUserSettingsViewResources.bundle */; };
		49098F43163A24D300C6E793 /* Info.plist in Resources */ = {isa = PBXBuildFile; fileRef = 49098F40163A24D300C6E793 /* Info.plist */; };
		49098F45163A24FA00C6E793 /* Social.framework in Frameworks */ = {isa = PBXBuildFile; fileRef = 49098F44163A24FA00C6E793 /* Social.framework */; };
		49098F47163A250000C6E793 /* AdSupport.framework in Frameworks */ = {isa = PBXBuildFile; fileRef = 49098F46163A250000C6E793 /* AdSupport.framework */; };
		49098F49163A250900C6E793 /* Accounts.framework in Frameworks */ = {isa = PBXBuildFile; fileRef = 49098F48163A250900C6E793 /* Accounts.framework */; };
		49098F4B163A251A00C6E793 /* QuartzCore.framework in Frameworks */ = {isa = PBXBuildFile; fileRef = 49098F4A163A251A00C6E793 /* QuartzCore.framework */; };
		4932BD67163A3EF600515F22 /* NSData+Base64.m in Sources */ = {isa = PBXBuildFile; fileRef = 4932BD64163A3EF600515F22 /* NSData+Base64.m */; };
		4932BD68163A3EF600515F22 /* NSString+Base64.m in Sources */ = {isa = PBXBuildFile; fileRef = 4932BD66163A3EF600515F22 /* NSString+Base64.m */; };
		4932BD6F163A405200515F22 /* NSMutableURLRequest+XSURLRequest.m in Sources */ = {isa = PBXBuildFile; fileRef = 4932BD6C163A405200515F22 /* NSMutableURLRequest+XSURLRequest.m */; };
		4932BD70163A405200515F22 /* XSCookie.m in Sources */ = {isa = PBXBuildFile; fileRef = 4932BD6E163A405200515F22 /* XSCookie.m */; };
		4932BDBC163A49F300515F22 /* MyPhoto.m in Sources */ = {isa = PBXBuildFile; fileRef = 4932BDB9163A49F300515F22 /* MyPhoto.m */; };
		4932BDBD163A49F300515F22 /* MyPhotoSource.m in Sources */ = {isa = PBXBuildFile; fileRef = 4932BDBB163A49F300515F22 /* MyPhotoSource.m */; };
		4932BDCB163A570000515F22 /* EGOCache.m in Sources */ = {isa = PBXBuildFile; fileRef = 4932BDC5163A570000515F22 /* EGOCache.m */; settings = {COMPILER_FLAGS = "-fno-objc-arc"; }; };
		4932BDCC163A570000515F22 /* EGOImageLoadConnection.m in Sources */ = {isa = PBXBuildFile; fileRef = 4932BDC8163A570000515F22 /* EGOImageLoadConnection.m */; settings = {COMPILER_FLAGS = "-fno-objc-arc"; }; };
		4932BDCD163A570000515F22 /* EGOImageLoader.m in Sources */ = {isa = PBXBuildFile; fileRef = 4932BDCA163A570000515F22 /* EGOImageLoader.m */; settings = {COMPILER_FLAGS = "-fno-objc-arc"; }; };
		4932BDF2163A570C00515F22 /* EGOPhotoViewController.m in Sources */ = {isa = PBXBuildFile; fileRef = 4932BDD2163A570C00515F22 /* EGOPhotoViewController.m */; settings = {COMPILER_FLAGS = "-fno-objc-arc"; }; };
		4932BDF3163A570C00515F22 /* EGOQuickPhoto.m in Sources */ = {isa = PBXBuildFile; fileRef = 4932BDD9163A570C00515F22 /* EGOQuickPhoto.m */; settings = {COMPILER_FLAGS = "-fno-objc-arc"; }; };
		4932BDF4163A570C00515F22 /* EGOQuickPhotoSource.m in Sources */ = {isa = PBXBuildFile; fileRef = 4932BDDB163A570C00515F22 /* EGOQuickPhotoSource.m */; settings = {COMPILER_FLAGS = "-fno-objc-arc"; }; };
		4932BDF5163A570C00515F22 /* egopv_error_placeholder.png in Resources */ = {isa = PBXBuildFile; fileRef = 4932BDDD163A570C00515F22 /* egopv_error_placeholder.png */; };
		4932BDF6163A570C00515F22 /* egopv_error_placeholder@2x.png in Resources */ = {isa = PBXBuildFile; fileRef = 4932BDDE163A570C00515F22 /* egopv_error_placeholder@2x.png */; };
		4932BDF7163A570C00515F22 /* egopv_fullscreen_button.png in Resources */ = {isa = PBXBuildFile; fileRef = 4932BDDF163A570C00515F22 /* egopv_fullscreen_button.png */; };
		4932BDF8163A570C00515F22 /* egopv_fullscreen_button@2x.png in Resources */ = {isa = PBXBuildFile; fileRef = 4932BDE0163A570C00515F22 /* egopv_fullscreen_button@2x.png */; };
		4932BDF9163A570C00515F22 /* egopv_left.png in Resources */ = {isa = PBXBuildFile; fileRef = 4932BDE1163A570C00515F22 /* egopv_left.png */; };
		4932BDFA163A570C00515F22 /* egopv_left@2x.png in Resources */ = {isa = PBXBuildFile; fileRef = 4932BDE2163A570C00515F22 /* egopv_left@2x.png */; };
		4932BDFB163A570C00515F22 /* egopv_minimize_fullscreen_button.png in Resources */ = {isa = PBXBuildFile; fileRef = 4932BDE3163A570C00515F22 /* egopv_minimize_fullscreen_button.png */; };
		4932BDFC163A570C00515F22 /* egopv_photo_placeholder.png in Resources */ = {isa = PBXBuildFile; fileRef = 4932BDE4163A570C00515F22 /* egopv_photo_placeholder.png */; };
		4932BDFD163A570C00515F22 /* egopv_photo_placeholder@2x.png in Resources */ = {isa = PBXBuildFile; fileRef = 4932BDE5163A570C00515F22 /* egopv_photo_placeholder@2x.png */; };
		4932BDFE163A570C00515F22 /* egopv_right.png in Resources */ = {isa = PBXBuildFile; fileRef = 4932BDE6163A570C00515F22 /* egopv_right.png */; };
		4932BDFF163A570C00515F22 /* egopv_right@2x.png in Resources */ = {isa = PBXBuildFile; fileRef = 4932BDE7163A570C00515F22 /* egopv_right@2x.png */; };
		4932BE00163A570C00515F22 /* EGOPhotoCaptionView.m in Sources */ = {isa = PBXBuildFile; fileRef = 4932BDEB163A570C00515F22 /* EGOPhotoCaptionView.m */; settings = {COMPILER_FLAGS = "-fno-objc-arc"; }; };
		4932BE01163A570C00515F22 /* EGOPhotoImageView.m in Sources */ = {isa = PBXBuildFile; fileRef = 4932BDEE163A570C00515F22 /* EGOPhotoImageView.m */; settings = {COMPILER_FLAGS = "-fno-objc-arc"; }; };
		4932BE02163A570C00515F22 /* EGOPhotoScrollView.m in Sources */ = {isa = PBXBuildFile; fileRef = 4932BDF1163A570C00515F22 /* EGOPhotoScrollView.m */; settings = {COMPILER_FLAGS = "-fno-objc-arc"; }; };
		4932BE06163A58F800515F22 /* MessageUI.framework in Frameworks */ = {isa = PBXBuildFile; fileRef = 4932BE05163A58F800515F22 /* MessageUI.framework */; };
		49431AE7163A29500053BAF0 /* HomeView.m in Sources */ = {isa = PBXBuildFile; fileRef = 49431AE6163A29500053BAF0 /* HomeView.m */; };
		49F97E19163A8F4100D55E58 /* WebViewJavascriptBridge.js.txt in Resources */ = {isa = PBXBuildFile; fileRef = 49F97E17163A8F4100D55E58 /* WebViewJavascriptBridge.js.txt */; };
		49F97E1A163A8F4100D55E58 /* WebViewJavascriptBridge.m in Sources */ = {isa = PBXBuildFile; fileRef = 49F97E18163A8F4100D55E58 /* WebViewJavascriptBridge.m */; };
/* End PBXBuildFile section */

/* Begin PBXContainerItemProxy section */
		49098F28163A247200C6E793 /* PBXContainerItemProxy */ = {
			isa = PBXContainerItemProxy;
			containerPortal = 49098EF3163A247200C6E793 /* Project object */;
			proxyType = 1;
			remoteGlobalIDString = 49098EFB163A247200C6E793;
			remoteInfo = ImageGalleryDemo;
		};
/* End PBXContainerItemProxy section */

/* Begin PBXFileReference section */
		49098EFC163A247200C6E793 /* ImageGalleryDemo.app */ = {isa = PBXFileReference; explicitFileType = wrapper.application; includeInIndex = 0; path = ImageGalleryDemo.app; sourceTree = BUILT_PRODUCTS_DIR; };
		49098F00163A247200C6E793 /* UIKit.framework */ = {isa = PBXFileReference; lastKnownFileType = wrapper.framework; name = UIKit.framework; path = System/Library/Frameworks/UIKit.framework; sourceTree = SDKROOT; };
		49098F02163A247200C6E793 /* Foundation.framework */ = {isa = PBXFileReference; lastKnownFileType = wrapper.framework; name = Foundation.framework; path = System/Library/Frameworks/Foundation.framework; sourceTree = SDKROOT; };
		49098F04163A247200C6E793 /* CoreGraphics.framework */ = {isa = PBXFileReference; lastKnownFileType = wrapper.framework; name = CoreGraphics.framework; path = System/Library/Frameworks/CoreGraphics.framework; sourceTree = SDKROOT; };
		49098F08163A247200C6E793 /* ImageGalleryDemo-Info.plist */ = {isa = PBXFileReference; lastKnownFileType = text.plist.xml; path = "ImageGalleryDemo-Info.plist"; sourceTree = "<group>"; };
		49098F0A163A247200C6E793 /* en */ = {isa = PBXFileReference; lastKnownFileType = text.plist.strings; name = en; path = en.lproj/InfoPlist.strings; sourceTree = "<group>"; };
		49098F0C163A247200C6E793 /* main.m */ = {isa = PBXFileReference; lastKnownFileType = sourcecode.c.objc; path = main.m; sourceTree = "<group>"; };
		49098F0E163A247200C6E793 /* ImageGalleryDemo-Prefix.pch */ = {isa = PBXFileReference; lastKnownFileType = sourcecode.c.h; path = "ImageGalleryDemo-Prefix.pch"; sourceTree = "<group>"; };
		49098F0F163A247200C6E793 /* ClassAppDelegate.h */ = {isa = PBXFileReference; lastKnownFileType = sourcecode.c.h; path = ClassAppDelegate.h; sourceTree = "<group>"; };
		49098F10163A247200C6E793 /* ClassAppDelegate.m */ = {isa = PBXFileReference; lastKnownFileType = sourcecode.c.objc; path = ClassAppDelegate.m; sourceTree = "<group>"; };
		49098F12163A247200C6E793 /* Default.png */ = {isa = PBXFileReference; lastKnownFileType = image.png; path = Default.png; sourceTree = "<group>"; };
		49098F14163A247200C6E793 /* Default@2x.png */ = {isa = PBXFileReference; lastKnownFileType = image.png; path = "Default@2x.png"; sourceTree = "<group>"; };
		49098F16163A247200C6E793 /* Default-568h@2x.png */ = {isa = PBXFileReference; lastKnownFileType = image.png; path = "Default-568h@2x.png"; sourceTree = "<group>"; };
		49098F18163A247200C6E793 /* ClassViewController.h */ = {isa = PBXFileReference; lastKnownFileType = sourcecode.c.h; path = ClassViewController.h; sourceTree = "<group>"; };
		49098F19163A247200C6E793 /* ClassViewController.m */ = {isa = PBXFileReference; lastKnownFileType = sourcecode.c.objc; path = ClassViewController.m; sourceTree = "<group>"; };
		49098F23163A247200C6E793 /* ImageGalleryDemoTests.octest */ = {isa = PBXFileReference; explicitFileType = wrapper.cfbundle; includeInIndex = 0; path = ImageGalleryDemoTests.octest; sourceTree = BUILT_PRODUCTS_DIR; };
		49098F24163A247200C6E793 /* SenTestingKit.framework */ = {isa = PBXFileReference; lastKnownFileType = wrapper.framework; name = SenTestingKit.framework; path = Library/Frameworks/SenTestingKit.framework; sourceTree = DEVELOPER_DIR; };
		49098F2C163A247200C6E793 /* ImageGalleryDemoTests-Info.plist */ = {isa = PBXFileReference; lastKnownFileType = text.plist.xml; path = "ImageGalleryDemoTests-Info.plist"; sourceTree = "<group>"; };
		49098F2E163A247200C6E793 /* en */ = {isa = PBXFileReference; lastKnownFileType = text.plist.strings; name = en; path = en.lproj/InfoPlist.strings; sourceTree = "<group>"; };
		49098F30163A247200C6E793 /* ImageGalleryDemoTests.h */ = {isa = PBXFileReference; lastKnownFileType = sourcecode.c.h; path = ImageGalleryDemoTests.h; sourceTree = "<group>"; };
		49098F31163A247200C6E793 /* ImageGalleryDemoTests.m */ = {isa = PBXFileReference; lastKnownFileType = sourcecode.c.objc; path = ImageGalleryDemoTests.m; sourceTree = "<group>"; };
		49098F3B163A24C300C6E793 /* FacebookSDK.framework */ = {isa = PBXFileReference; lastKnownFileType = wrapper.framework; name = FacebookSDK.framework; path = ../../../Documents/FacebookSDK/FacebookSDK.framework; sourceTree = "<group>"; };
		49098F3E163A24D300C6E793 /* FacebookSDKResources.bundle */ = {isa = PBXFileReference; lastKnownFileType = "wrapper.plug-in"; path = FacebookSDKResources.bundle; sourceTree = "<group>"; };
		49098F3F163A24D300C6E793 /* FBUserSettingsViewResources.bundle */ = {isa = PBXFileReference; lastKnownFileType = "wrapper.plug-in"; path = FBUserSettingsViewResources.bundle; sourceTree = "<group>"; };
		49098F40163A24D300C6E793 /* Info.plist */ = {isa = PBXFileReference; fileEncoding = 4; lastKnownFileType = text.plist.xml; path = Info.plist; sourceTree = "<group>"; };
		49098F44163A24FA00C6E793 /* Social.framework */ = {isa = PBXFileReference; lastKnownFileType = wrapper.framework; name = Social.framework; path = System/Library/Frameworks/Social.framework; sourceTree = SDKROOT; };
		49098F46163A250000C6E793 /* AdSupport.framework */ = {isa = PBXFileReference; lastKnownFileType = wrapper.framework; name = AdSupport.framework; path = System/Library/Frameworks/AdSupport.framework; sourceTree = SDKROOT; };
		49098F48163A250900C6E793 /* Accounts.framework */ = {isa = PBXFileReference; lastKnownFileType = wrapper.framework; name = Accounts.framework; path = System/Library/Frameworks/Accounts.framework; sourceTree = SDKROOT; };
		49098F4A163A251A00C6E793 /* QuartzCore.framework */ = {isa = PBXFileReference; lastKnownFileType = wrapper.framework; name = QuartzCore.framework; path = System/Library/Frameworks/QuartzCore.framework; sourceTree = SDKROOT; };
		4932BD63163A3EF600515F22 /* NSData+Base64.h */ = {isa = PBXFileReference; fileEncoding = 4; lastKnownFileType = sourcecode.c.h; path = "NSData+Base64.h"; sourceTree = "<group>"; };
		4932BD64163A3EF600515F22 /* NSData+Base64.m */ = {isa = PBXFileReference; fileEncoding = 4; lastKnownFileType = sourcecode.c.objc; path = "NSData+Base64.m"; sourceTree = "<group>"; };
		4932BD65163A3EF600515F22 /* NSString+Base64.h */ = {isa = PBXFileReference; fileEncoding = 4; lastKnownFileType = sourcecode.c.h; path = "NSString+Base64.h"; sourceTree = "<group>"; };
		4932BD66163A3EF600515F22 /* NSString+Base64.m */ = {isa = PBXFileReference; fileEncoding = 4; lastKnownFileType = sourcecode.c.objc; path = "NSString+Base64.m"; sourceTree = "<group>"; };
		4932BD6B163A405200515F22 /* NSMutableURLRequest+XSURLRequest.h */ = {isa = PBXFileReference; fileEncoding = 4; lastKnownFileType = sourcecode.c.h; path = "NSMutableURLRequest+XSURLRequest.h"; sourceTree = "<group>"; };
		4932BD6C163A405200515F22 /* NSMutableURLRequest+XSURLRequest.m */ = {isa = PBXFileReference; fileEncoding = 4; lastKnownFileType = sourcecode.c.objc; path = "NSMutableURLRequest+XSURLRequest.m"; sourceTree = "<group>"; };
		4932BD6D163A405200515F22 /* XSCookie.h */ = {isa = PBXFileReference; fileEncoding = 4; lastKnownFileType = sourcecode.c.h; path = XSCookie.h; sourceTree = "<group>"; };
		4932BD6E163A405200515F22 /* XSCookie.m */ = {isa = PBXFileReference; fileEncoding = 4; lastKnownFileType = sourcecode.c.objc; path = XSCookie.m; sourceTree = "<group>"; };
		4932BDB8163A49F300515F22 /* MyPhoto.h */ = {isa = PBXFileReference; fileEncoding = 4; lastKnownFileType = sourcecode.c.h; path = MyPhoto.h; sourceTree = "<group>"; };
		4932BDB9163A49F300515F22 /* MyPhoto.m */ = {isa = PBXFileReference; fileEncoding = 4; lastKnownFileType = sourcecode.c.objc; path = MyPhoto.m; sourceTree = "<group>"; };
		4932BDBA163A49F300515F22 /* MyPhotoSource.h */ = {isa = PBXFileReference; fileEncoding = 4; lastKnownFileType = sourcecode.c.h; path = MyPhotoSource.h; sourceTree = "<group>"; };
		4932BDBB163A49F300515F22 /* MyPhotoSource.m */ = {isa = PBXFileReference; fileEncoding = 4; lastKnownFileType = sourcecode.c.objc; path = MyPhotoSource.m; sourceTree = "<group>"; };
		4932BDC4163A570000515F22 /* EGOCache.h */ = {isa = PBXFileReference; fileEncoding = 4; lastKnownFileType = sourcecode.c.h; path = EGOCache.h; sourceTree = "<group>"; };
		4932BDC5163A570000515F22 /* EGOCache.m */ = {isa = PBXFileReference; fileEncoding = 4; lastKnownFileType = sourcecode.c.objc; path = EGOCache.m; sourceTree = "<group>"; };
		4932BDC7163A570000515F22 /* EGOImageLoadConnection.h */ = {isa = PBXFileReference; fileEncoding = 4; lastKnownFileType = sourcecode.c.h; path = EGOImageLoadConnection.h; sourceTree = "<group>"; };
		4932BDC8163A570000515F22 /* EGOImageLoadConnection.m */ = {isa = PBXFileReference; fileEncoding = 4; lastKnownFileType = sourcecode.c.objc; path = EGOImageLoadConnection.m; sourceTree = "<group>"; };
		4932BDC9163A570000515F22 /* EGOImageLoader.h */ = {isa = PBXFileReference; fileEncoding = 4; lastKnownFileType = sourcecode.c.h; path = EGOImageLoader.h; sourceTree = "<group>"; };
		4932BDCA163A570000515F22 /* EGOImageLoader.m */ = {isa = PBXFileReference; fileEncoding = 4; lastKnownFileType = sourcecode.c.objc; path = EGOImageLoader.m; sourceTree = "<group>"; };
		4932BDD1163A570C00515F22 /* EGOPhotoViewController.h */ = {isa = PBXFileReference; fileEncoding = 4; lastKnownFileType = sourcecode.c.h; path = EGOPhotoViewController.h; sourceTree = "<group>"; };
		4932BDD2163A570C00515F22 /* EGOPhotoViewController.m */ = {isa = PBXFileReference; fileEncoding = 4; lastKnownFileType = sourcecode.c.objc; path = EGOPhotoViewController.m; sourceTree = "<group>"; };
		4932BDD3163A570C00515F22 /* EGOPhotoGlobal.h */ = {isa = PBXFileReference; fileEncoding = 4; lastKnownFileType = sourcecode.c.h; path = EGOPhotoGlobal.h; sourceTree = "<group>"; };
		4932BDD6163A570C00515F22 /* EGOPhotoSource.h */ = {isa = PBXFileReference; fileEncoding = 4; lastKnownFileType = sourcecode.c.h; path = EGOPhotoSource.h; sourceTree = "<group>"; };
		4932BDD8163A570C00515F22 /* EGOQuickPhoto.h */ = {isa = PBXFileReference; fileEncoding = 4; lastKnownFileType = sourcecode.c.h; path = EGOQuickPhoto.h; sourceTree = "<group>"; };
		4932BDD9163A570C00515F22 /* EGOQuickPhoto.m */ = {isa = PBXFileReference; fileEncoding = 4; lastKnownFileType = sourcecode.c.objc; path = EGOQuickPhoto.m; sourceTree = "<group>"; };
		4932BDDA163A570C00515F22 /* EGOQuickPhotoSource.h */ = {isa = PBXFileReference; fileEncoding = 4; lastKnownFileType = sourcecode.c.h; path = EGOQuickPhotoSource.h; sourceTree = "<group>"; };
		4932BDDB163A570C00515F22 /* EGOQuickPhotoSource.m */ = {isa = PBXFileReference; fileEncoding = 4; lastKnownFileType = sourcecode.c.objc; path = EGOQuickPhotoSource.m; sourceTree = "<group>"; };
		4932BDDD163A570C00515F22 /* egopv_error_placeholder.png */ = {isa = PBXFileReference; lastKnownFileType = image.png; path = egopv_error_placeholder.png; sourceTree = "<group>"; };
		4932BDDE163A570C00515F22 /* egopv_error_placeholder@2x.png */ = {isa = PBXFileReference; lastKnownFileType = image.png; path = "egopv_error_placeholder@2x.png"; sourceTree = "<group>"; };
		4932BDDF163A570C00515F22 /* egopv_fullscreen_button.png */ = {isa = PBXFileReference; lastKnownFileType = image.png; path = egopv_fullscreen_button.png; sourceTree = "<group>"; };
		4932BDE0163A570C00515F22 /* egopv_fullscreen_button@2x.png */ = {isa = PBXFileReference; lastKnownFileType = image.png; path = "egopv_fullscreen_button@2x.png"; sourceTree = "<group>"; };
		4932BDE1163A570C00515F22 /* egopv_left.png */ = {isa = PBXFileReference; lastKnownFileType = image.png; path = egopv_left.png; sourceTree = "<group>"; };
		4932BDE2163A570C00515F22 /* egopv_left@2x.png */ = {isa = PBXFileReference; lastKnownFileType = image.png; path = "egopv_left@2x.png"; sourceTree = "<group>"; };
		4932BDE3163A570C00515F22 /* egopv_minimize_fullscreen_button.png */ = {isa = PBXFileReference; lastKnownFileType = image.png; path = egopv_minimize_fullscreen_button.png; sourceTree = "<group>"; };
		4932BDE4163A570C00515F22 /* egopv_photo_placeholder.png */ = {isa = PBXFileReference; lastKnownFileType = image.png; path = egopv_photo_placeholder.png; sourceTree = "<group>"; };
		4932BDE5163A570C00515F22 /* egopv_photo_placeholder@2x.png */ = {isa = PBXFileReference; lastKnownFileType = image.png; path = "egopv_photo_placeholder@2x.png"; sourceTree = "<group>"; };
		4932BDE6163A570C00515F22 /* egopv_right.png */ = {isa = PBXFileReference; lastKnownFileType = image.png; path = egopv_right.png; sourceTree = "<group>"; };
		4932BDE7163A570C00515F22 /* egopv_right@2x.png */ = {isa = PBXFileReference; lastKnownFileType = image.png; path = "egopv_right@2x.png"; sourceTree = "<group>"; };
		4932BDEA163A570C00515F22 /* EGOPhotoCaptionView.h */ = {isa = PBXFileReference; fileEncoding = 4; lastKnownFileType = sourcecode.c.h; path = EGOPhotoCaptionView.h; sourceTree = "<group>"; };
		4932BDEB163A570C00515F22 /* EGOPhotoCaptionView.m */ = {isa = PBXFileReference; fileEncoding = 4; lastKnownFileType = sourcecode.c.objc; path = EGOPhotoCaptionView.m; sourceTree = "<group>"; };
		4932BDED163A570C00515F22 /* EGOPhotoImageView.h */ = {isa = PBXFileReference; fileEncoding = 4; lastKnownFileType = sourcecode.c.h; path = EGOPhotoImageView.h; sourceTree = "<group>"; };
		4932BDEE163A570C00515F22 /* EGOPhotoImageView.m */ = {isa = PBXFileReference; fileEncoding = 4; lastKnownFileType = sourcecode.c.objc; path = EGOPhotoImageView.m; sourceTree = "<group>"; };
		4932BDF0163A570C00515F22 /* EGOPhotoScrollView.h */ = {isa = PBXFileReference; fileEncoding = 4; lastKnownFileType = sourcecode.c.h; path = EGOPhotoScrollView.h; sourceTree = "<group>"; };
		4932BDF1163A570C00515F22 /* EGOPhotoScrollView.m */ = {isa = PBXFileReference; fileEncoding = 4; lastKnownFileType = sourcecode.c.objc; path = EGOPhotoScrollView.m; sourceTree = "<group>"; };
		4932BE05163A58F800515F22 /* MessageUI.framework */ = {isa = PBXFileReference; lastKnownFileType = wrapper.framework; name = MessageUI.framework; path = System/Library/Frameworks/MessageUI.framework; sourceTree = SDKROOT; };
		49431AE5163A29500053BAF0 /* HomeView.h */ = {isa = PBXFileReference; fileEncoding = 4; lastKnownFileType = sourcecode.c.h; path = HomeView.h; sourceTree = "<group>"; };
		49431AE6163A29500053BAF0 /* HomeView.m */ = {isa = PBXFileReference; fileEncoding = 4; lastKnownFileType = sourcecode.c.objc; path = HomeView.m; sourceTree = "<group>"; };
		49431AE8163A29C90053BAF0 /* ClassViewController.xib */ = {isa = PBXFileReference; lastKnownFileType = file.xib; name = ClassViewController.xib; path = ImageGalleryDemo/ClassViewController.xib; sourceTree = SOURCE_ROOT; };
		49F97E16163A8F4100D55E58 /* WebViewJavascriptBridge.h */ = {isa = PBXFileReference; fileEncoding = 4; lastKnownFileType = sourcecode.c.h; path = WebViewJavascriptBridge.h; sourceTree = "<group>"; };
		49F97E17163A8F4100D55E58 /* WebViewJavascriptBridge.js.txt */ = {isa = PBXFileReference; fileEncoding = 4; lastKnownFileType = text; path = WebViewJavascriptBridge.js.txt; sourceTree = "<group>"; };
		49F97E18163A8F4100D55E58 /* WebViewJavascriptBridge.m */ = {isa = PBXFileReference; fileEncoding = 4; lastKnownFileType = sourcecode.c.objc; path = WebViewJavascriptBridge.m; sourceTree = "<group>"; };
/* End PBXFileReference section */

/* Begin PBXFrameworksBuildPhase section */
		49098EF9163A247200C6E793 /* Frameworks */ = {
			isa = PBXFrameworksBuildPhase;
			buildActionMask = 2147483647;
			files = (
				4932BE06163A58F800515F22 /* MessageUI.framework in Frameworks */,
				49098F4B163A251A00C6E793 /* QuartzCore.framework in Frameworks */,
				49098F49163A250900C6E793 /* Accounts.framework in Frameworks */,
				49098F47163A250000C6E793 /* AdSupport.framework in Frameworks */,
				49098F45163A24FA00C6E793 /* Social.framework in Frameworks */,
				49098F01163A247200C6E793 /* UIKit.framework in Frameworks */,
				49098F03163A247200C6E793 /* Foundation.framework in Frameworks */,
				49098F05163A247200C6E793 /* CoreGraphics.framework in Frameworks */,
				49098F3C163A24C300C6E793 /* FacebookSDK.framework in Frameworks */,
			);
			runOnlyForDeploymentPostprocessing = 0;
		};
		49098F1F163A247200C6E793 /* Frameworks */ = {
			isa = PBXFrameworksBuildPhase;
			buildActionMask = 2147483647;
			files = (
				49098F25163A247200C6E793 /* SenTestingKit.framework in Frameworks */,
				49098F26163A247200C6E793 /* UIKit.framework in Frameworks */,
				49098F27163A247200C6E793 /* Foundation.framework in Frameworks */,
			);
			runOnlyForDeploymentPostprocessing = 0;
		};
/* End PBXFrameworksBuildPhase section */

/* Begin PBXGroup section */
		49098EF1163A247200C6E793 = {
			isa = PBXGroup;
			children = (
				4932BDC2163A570000515F22 /* Libraries */,
				49098F3D163A24D300C6E793 /* Resources */,
				49098F06163A247200C6E793 /* ImageGalleryDemo */,
				49098F2A163A247200C6E793 /* ImageGalleryDemoTests */,
				49098EFF163A247200C6E793 /* Frameworks */,
				49098EFD163A247200C6E793 /* Products */,
			);
			sourceTree = "<group>";
		};
		49098EFD163A247200C6E793 /* Products */ = {
			isa = PBXGroup;
			children = (
				49098EFC163A247200C6E793 /* ImageGalleryDemo.app */,
				49098F23163A247200C6E793 /* ImageGalleryDemoTests.octest */,
			);
			name = Products;
			sourceTree = "<group>";
		};
		49098EFF163A247200C6E793 /* Frameworks */ = {
			isa = PBXGroup;
			children = (
				4932BE05163A58F800515F22 /* MessageUI.framework */,
				49098F4A163A251A00C6E793 /* QuartzCore.framework */,
				49098F48163A250900C6E793 /* Accounts.framework */,
				49098F46163A250000C6E793 /* AdSupport.framework */,
				49098F44163A24FA00C6E793 /* Social.framework */,
				49098F3B163A24C300C6E793 /* FacebookSDK.framework */,
				49098F00163A247200C6E793 /* UIKit.framework */,
				49098F02163A247200C6E793 /* Foundation.framework */,
				49098F04163A247200C6E793 /* CoreGraphics.framework */,
				49098F24163A247200C6E793 /* SenTestingKit.framework */,
			);
			name = Frameworks;
			sourceTree = "<group>";
		};
		49098F06163A247200C6E793 /* ImageGalleryDemo */ = {
			isa = PBXGroup;
			children = (
				49F97E15163A8F4100D55E58 /* WebViewJavascriptBridge */,
				4932BDB7163A49F300515F22 /* Model */,
				4932BD6A163A405200515F22 /* XSCookie */,
				4932BD62163A3EF600515F22 /* Base64 */,
				49431AE5163A29500053BAF0 /* HomeView.h */,
				49431AE6163A29500053BAF0 /* HomeView.m */,
				49098F0F163A247200C6E793 /* ClassAppDelegate.h */,
				49098F10163A247200C6E793 /* ClassAppDelegate.m */,
				49098F18163A247200C6E793 /* ClassViewController.h */,
				49098F19163A247200C6E793 /* ClassViewController.m */,
				49098F07163A247200C6E793 /* Supporting Files */,
			);
			path = ImageGalleryDemo;
			sourceTree = "<group>";
		};
		49098F07163A247200C6E793 /* Supporting Files */ = {
			isa = PBXGroup;
			children = (
				49431AE8163A29C90053BAF0 /* ClassViewController.xib */,
				49098F08163A247200C6E793 /* ImageGalleryDemo-Info.plist */,
				49098F09163A247200C6E793 /* InfoPlist.strings */,
				49098F0C163A247200C6E793 /* main.m */,
				49098F0E163A247200C6E793 /* ImageGalleryDemo-Prefix.pch */,
				49098F12163A247200C6E793 /* Default.png */,
				49098F14163A247200C6E793 /* Default@2x.png */,
				49098F16163A247200C6E793 /* Default-568h@2x.png */,
			);
			name = "Supporting Files";
			sourceTree = "<group>";
		};
		49098F2A163A247200C6E793 /* ImageGalleryDemoTests */ = {
			isa = PBXGroup;
			children = (
				49098F30163A247200C6E793 /* ImageGalleryDemoTests.h */,
				49098F31163A247200C6E793 /* ImageGalleryDemoTests.m */,
				49098F2B163A247200C6E793 /* Supporting Files */,
			);
			path = ImageGalleryDemoTests;
			sourceTree = "<group>";
		};
		49098F2B163A247200C6E793 /* Supporting Files */ = {
			isa = PBXGroup;
			children = (
				49098F2C163A247200C6E793 /* ImageGalleryDemoTests-Info.plist */,
				49098F2D163A247200C6E793 /* InfoPlist.strings */,
			);
			name = "Supporting Files";
			sourceTree = "<group>";
		};
		49098F3D163A24D300C6E793 /* Resources */ = {
			isa = PBXGroup;
			children = (
				49098F3E163A24D300C6E793 /* FacebookSDKResources.bundle */,
				49098F3F163A24D300C6E793 /* FBUserSettingsViewResources.bundle */,
				49098F40163A24D300C6E793 /* Info.plist */,
			);
			name = Resources;
			path = ../../../Documents/FacebookSDK/FacebookSDK.framework/Resources;
			sourceTree = "<group>";
		};
		4932BD62163A3EF600515F22 /* Base64 */ = {
			isa = PBXGroup;
			children = (
				4932BD63163A3EF600515F22 /* NSData+Base64.h */,
				4932BD64163A3EF600515F22 /* NSData+Base64.m */,
				4932BD65163A3EF600515F22 /* NSString+Base64.h */,
				4932BD66163A3EF600515F22 /* NSString+Base64.m */,
			);
			path = Base64;
			sourceTree = "<group>";
		};
		4932BD6A163A405200515F22 /* XSCookie */ = {
			isa = PBXGroup;
			children = (
				4932BD6B163A405200515F22 /* NSMutableURLRequest+XSURLRequest.h */,
				4932BD6C163A405200515F22 /* NSMutableURLRequest+XSURLRequest.m */,
				4932BD6D163A405200515F22 /* XSCookie.h */,
				4932BD6E163A405200515F22 /* XSCookie.m */,
			);
			path = XSCookie;
			sourceTree = "<group>";
		};
		4932BDB7163A49F300515F22 /* Model */ = {
			isa = PBXGroup;
			children = (
				4932BDB8163A49F300515F22 /* MyPhoto.h */,
				4932BDB9163A49F300515F22 /* MyPhoto.m */,
				4932BDBA163A49F300515F22 /* MyPhotoSource.h */,
				4932BDBB163A49F300515F22 /* MyPhotoSource.m */,
			);
			path = Model;
			sourceTree = "<group>";
		};
		4932BDC2163A570000515F22 /* Libraries */ = {
			isa = PBXGroup;
			children = (
				4932BDCE163A570C00515F22 /* EGOPhotoViewer */,
				4932BDC3163A570000515F22 /* EGOCache */,
				4932BDC6163A570000515F22 /* EGOImageLoader */,
			);
			path = Libraries;
			sourceTree = "<group>";
		};
		4932BDC3163A570000515F22 /* EGOCache */ = {
			isa = PBXGroup;
			children = (
				4932BDC4163A570000515F22 /* EGOCache.h */,
				4932BDC5163A570000515F22 /* EGOCache.m */,
			);
			path = EGOCache;
			sourceTree = "<group>";
		};
		4932BDC6163A570000515F22 /* EGOImageLoader */ = {
			isa = PBXGroup;
			children = (
				4932BDC7163A570000515F22 /* EGOImageLoadConnection.h */,
				4932BDC8163A570000515F22 /* EGOImageLoadConnection.m */,
				4932BDC9163A570000515F22 /* EGOImageLoader.h */,
				4932BDCA163A570000515F22 /* EGOImageLoader.m */,
			);
			path = EGOImageLoader;
			sourceTree = "<group>";
		};
		4932BDCE163A570C00515F22 /* EGOPhotoViewer */ = {
			isa = PBXGroup;
			children = (
				4932BDCF163A570C00515F22 /* Controller */,
				4932BDD3163A570C00515F22 /* EGOPhotoGlobal.h */,
				4932BDD4163A570C00515F22 /* Model */,
				4932BDDC163A570C00515F22 /* Resources */,
				4932BDE8163A570C00515F22 /* Views */,
			);
			path = EGOPhotoViewer;
			sourceTree = "<group>";
		};
		4932BDCF163A570C00515F22 /* Controller */ = {
			isa = PBXGroup;
			children = (
				4932BDD0163A570C00515F22 /* EGOPhotoViewController */,
			);
			path = Controller;
			sourceTree = "<group>";
		};
		4932BDD0163A570C00515F22 /* EGOPhotoViewController */ = {
			isa = PBXGroup;
			children = (
				4932BDD1163A570C00515F22 /* EGOPhotoViewController.h */,
				4932BDD2163A570C00515F22 /* EGOPhotoViewController.m */,
			);
			path = EGOPhotoViewController;
			sourceTree = "<group>";
		};
		4932BDD4163A570C00515F22 /* Model */ = {
			isa = PBXGroup;
			children = (
				4932BDD5163A570C00515F22 /* EGOPhotoSource */,
				4932BDD7163A570C00515F22 /* EGOQuickPhoto */,
			);
			path = Model;
			sourceTree = "<group>";
		};
		4932BDD5163A570C00515F22 /* EGOPhotoSource */ = {
			isa = PBXGroup;
			children = (
				4932BDD6163A570C00515F22 /* EGOPhotoSource.h */,
			);
			path = EGOPhotoSource;
			sourceTree = "<group>";
		};
		4932BDD7163A570C00515F22 /* EGOQuickPhoto */ = {
			isa = PBXGroup;
			children = (
				4932BDD8163A570C00515F22 /* EGOQuickPhoto.h */,
				4932BDD9163A570C00515F22 /* EGOQuickPhoto.m */,
				4932BDDA163A570C00515F22 /* EGOQuickPhotoSource.h */,
				4932BDDB163A570C00515F22 /* EGOQuickPhotoSource.m */,
			);
			path = EGOQuickPhoto;
			sourceTree = "<group>";
		};
		4932BDDC163A570C00515F22 /* Resources */ = {
			isa = PBXGroup;
			children = (
				4932BDDD163A570C00515F22 /* egopv_error_placeholder.png */,
				4932BDDE163A570C00515F22 /* egopv_error_placeholder@2x.png */,
				4932BDDF163A570C00515F22 /* egopv_fullscreen_button.png */,
				4932BDE0163A570C00515F22 /* egopv_fullscreen_button@2x.png */,
				4932BDE1163A570C00515F22 /* egopv_left.png */,
				4932BDE2163A570C00515F22 /* egopv_left@2x.png */,
				4932BDE3163A570C00515F22 /* egopv_minimize_fullscreen_button.png */,
				4932BDE4163A570C00515F22 /* egopv_photo_placeholder.png */,
				4932BDE5163A570C00515F22 /* egopv_photo_placeholder@2x.png */,
				4932BDE6163A570C00515F22 /* egopv_right.png */,
				4932BDE7163A570C00515F22 /* egopv_right@2x.png */,
			);
			path = Resources;
			sourceTree = "<group>";
		};
		4932BDE8163A570C00515F22 /* Views */ = {
			isa = PBXGroup;
			children = (
				4932BDE9163A570C00515F22 /* EGOPhotoCaptionView */,
				4932BDEC163A570C00515F22 /* EGOPhotoImageView */,
				4932BDEF163A570C00515F22 /* EGOPhotoScrollView */,
			);
			path = Views;
			sourceTree = "<group>";
		};
		4932BDE9163A570C00515F22 /* EGOPhotoCaptionView */ = {
			isa = PBXGroup;
			children = (
				4932BDEA163A570C00515F22 /* EGOPhotoCaptionView.h */,
				4932BDEB163A570C00515F22 /* EGOPhotoCaptionView.m */,
			);
			path = EGOPhotoCaptionView;
			sourceTree = "<group>";
		};
		4932BDEC163A570C00515F22 /* EGOPhotoImageView */ = {
			isa = PBXGroup;
			children = (
				4932BDED163A570C00515F22 /* EGOPhotoImageView.h */,
				4932BDEE163A570C00515F22 /* EGOPhotoImageView.m */,
			);
			path = EGOPhotoImageView;
			sourceTree = "<group>";
		};
		4932BDEF163A570C00515F22 /* EGOPhotoScrollView */ = {
			isa = PBXGroup;
			children = (
				4932BDF0163A570C00515F22 /* EGOPhotoScrollView.h */,
				4932BDF1163A570C00515F22 /* EGOPhotoScrollView.m */,
			);
			path = EGOPhotoScrollView;
			sourceTree = "<group>";
		};
		49F97E15163A8F4100D55E58 /* WebViewJavascriptBridge */ = {
			isa = PBXGroup;
			children = (
				49F97E16163A8F4100D55E58 /* WebViewJavascriptBridge.h */,
				49F97E17163A8F4100D55E58 /* WebViewJavascriptBridge.js.txt */,
				49F97E18163A8F4100D55E58 /* WebViewJavascriptBridge.m */,
			);
			path = WebViewJavascriptBridge;
			sourceTree = "<group>";
		};
/* End PBXGroup section */

/* Begin PBXNativeTarget section */
		49098EFB163A247200C6E793 /* ImageGalleryDemo */ = {
			isa = PBXNativeTarget;
			buildConfigurationList = 49098F35163A247200C6E793 /* Build configuration list for PBXNativeTarget "ImageGalleryDemo" */;
			buildPhases = (
				49098EF8163A247200C6E793 /* Sources */,
				49098EF9163A247200C6E793 /* Frameworks */,
				49098EFA163A247200C6E793 /* Resources */,
			);
			buildRules = (
			);
			dependencies = (
			);
			name = ImageGalleryDemo;
			productName = ImageGalleryDemo;
			productReference = 49098EFC163A247200C6E793 /* ImageGalleryDemo.app */;
			productType = "com.apple.product-type.application";
		};
		49098F22163A247200C6E793 /* ImageGalleryDemoTests */ = {
			isa = PBXNativeTarget;
			buildConfigurationList = 49098F38163A247200C6E793 /* Build configuration list for PBXNativeTarget "ImageGalleryDemoTests" */;
			buildPhases = (
				49098F1E163A247200C6E793 /* Sources */,
				49098F1F163A247200C6E793 /* Frameworks */,
				49098F20163A247200C6E793 /* Resources */,
				49098F21163A247200C6E793 /* ShellScript */,
			);
			buildRules = (
			);
			dependencies = (
				49098F29163A247200C6E793 /* PBXTargetDependency */,
			);
			name = ImageGalleryDemoTests;
			productName = ImageGalleryDemoTests;
			productReference = 49098F23163A247200C6E793 /* ImageGalleryDemoTests.octest */;
			productType = "com.apple.product-type.bundle";
		};
/* End PBXNativeTarget section */

/* Begin PBXProject section */
		49098EF3163A247200C6E793 /* Project object */ = {
			isa = PBXProject;
			attributes = {
				CLASSPREFIX = Class;
				LastUpgradeCheck = 0450;
				ORGANIZATIONNAME = wenbo;
			};
			buildConfigurationList = 49098EF6163A247200C6E793 /* Build configuration list for PBXProject "ImageGalleryDemo" */;
			compatibilityVersion = "Xcode 3.2";
			developmentRegion = English;
			hasScannedForEncodings = 0;
			knownRegions = (
				en,
			);
			mainGroup = 49098EF1163A247200C6E793;
			productRefGroup = 49098EFD163A247200C6E793 /* Products */;
			projectDirPath = "";
			projectRoot = "";
			targets = (
				49098EFB163A247200C6E793 /* ImageGalleryDemo */,
				49098F22163A247200C6E793 /* ImageGalleryDemoTests */,
			);
		};
/* End PBXProject section */

/* Begin PBXResourcesBuildPhase section */
		49098EFA163A247200C6E793 /* Resources */ = {
			isa = PBXResourcesBuildPhase;
			buildActionMask = 2147483647;
			files = (
				49098F0B163A247200C6E793 /* InfoPlist.strings in Resources */,
				49098F13163A247200C6E793 /* Default.png in Resources */,
				49098F15163A247200C6E793 /* Default@2x.png in Resources */,
				49098F17163A247200C6E793 /* Default-568h@2x.png in Resources */,
				49098F41163A24D300C6E793 /* FacebookSDKResources.bundle in Resources */,
				49098F42163A24D300C6E793 /* FBUserSettingsViewResources.bundle in Resources */,
				49098F43163A24D300C6E793 /* Info.plist in Resources */,
				4932BDF5163A570C00515F22 /* egopv_error_placeholder.png in Resources */,
				4932BDF6163A570C00515F22 /* egopv_error_placeholder@2x.png in Resources */,
				4932BDF7163A570C00515F22 /* egopv_fullscreen_button.png in Resources */,
				4932BDF8163A570C00515F22 /* egopv_fullscreen_button@2x.png in Resources */,
				4932BDF9163A570C00515F22 /* egopv_left.png in Resources */,
				4932BDFA163A570C00515F22 /* egopv_left@2x.png in Resources */,
				4932BDFB163A570C00515F22 /* egopv_minimize_fullscreen_button.png in Resources */,
				4932BDFC163A570C00515F22 /* egopv_photo_placeholder.png in Resources */,
				4932BDFD163A570C00515F22 /* egopv_photo_placeholder@2x.png in Resources */,
				4932BDFE163A570C00515F22 /* egopv_right.png in Resources */,
				4932BDFF163A570C00515F22 /* egopv_right@2x.png in Resources */,
				49F97E19163A8F4100D55E58 /* WebViewJavascriptBridge.js.txt in Resources */,
			);
			runOnlyForDeploymentPostprocessing = 0;
		};
		49098F20163A247200C6E793 /* Resources */ = {
			isa = PBXResourcesBuildPhase;
			buildActionMask = 2147483647;
			files = (
				49098F2F163A247200C6E793 /* InfoPlist.strings in Resources */,
			);
			runOnlyForDeploymentPostprocessing = 0;
		};
/* End PBXResourcesBuildPhase section */

/* Begin PBXShellScriptBuildPhase section */
		49098F21163A247200C6E793 /* ShellScript */ = {
			isa = PBXShellScriptBuildPhase;
			buildActionMask = 2147483647;
			files = (
			);
			inputPaths = (
			);
			outputPaths = (
			);
			runOnlyForDeploymentPostprocessing = 0;
			shellPath = /bin/sh;
			shellScript = "# Run the unit tests in this test bundle.\n\"${SYSTEM_DEVELOPER_DIR}/Tools/RunUnitTests\"\n";
		};
/* End PBXShellScriptBuildPhase section */

/* Begin PBXSourcesBuildPhase section */
		49098EF8163A247200C6E793 /* Sources */ = {
			isa = PBXSourcesBuildPhase;
			buildActionMask = 2147483647;
			files = (
				49098F0D163A247200C6E793 /* main.m in Sources */,
				49098F11163A247200C6E793 /* ClassAppDelegate.m in Sources */,
				49098F1A163A247200C6E793 /* ClassViewController.m in Sources */,
				49431AE7163A29500053BAF0 /* HomeView.m in Sources */,
				4932BD67163A3EF600515F22 /* NSData+Base64.m in Sources */,
				4932BD68163A3EF600515F22 /* NSString+Base64.m in Sources */,
				4932BD6F163A405200515F22 /* NSMutableURLRequest+XSURLRequest.m in Sources */,
				4932BD70163A405200515F22 /* XSCookie.m in Sources */,
				4932BDBC163A49F300515F22 /* MyPhoto.m in Sources */,
				4932BDBD163A49F300515F22 /* MyPhotoSource.m in Sources */,
				4932BDCB163A570000515F22 /* EGOCache.m in Sources */,
				4932BDCC163A570000515F22 /* EGOImageLoadConnection.m in Sources */,
				4932BDCD163A570000515F22 /* EGOImageLoader.m in Sources */,
				4932BDF2163A570C00515F22 /* EGOPhotoViewController.m in Sources */,
				4932BDF3163A570C00515F22 /* EGOQuickPhoto.m in Sources */,
				4932BDF4163A570C00515F22 /* EGOQuickPhotoSource.m in Sources */,
				4932BE00163A570C00515F22 /* EGOPhotoCaptionView.m in Sources */,
				4932BE01163A570C00515F22 /* EGOPhotoImageView.m in Sources */,
				4932BE02163A570C00515F22 /* EGOPhotoScrollView.m in Sources */,
				49F97E1A163A8F4100D55E58 /* WebViewJavascriptBridge.m in Sources */,
			);
			runOnlyForDeploymentPostprocessing = 0;
		};
		49098F1E163A247200C6E793 /* Sources */ = {
			isa = PBXSourcesBuildPhase;
			buildActionMask = 2147483647;
			files = (
				49098F32163A247200C6E793 /* ImageGalleryDemoTests.m in Sources */,
			);
			runOnlyForDeploymentPostprocessing = 0;
		};
/* End PBXSourcesBuildPhase section */

/* Begin PBXTargetDependency section */
		49098F29163A247200C6E793 /* PBXTargetDependency */ = {
			isa = PBXTargetDependency;
			target = 49098EFB163A247200C6E793 /* ImageGalleryDemo */;
			targetProxy = 49098F28163A247200C6E793 /* PBXContainerItemProxy */;
		};
/* End PBXTargetDependency section */

/* Begin PBXVariantGroup section */
		49098F09163A247200C6E793 /* InfoPlist.strings */ = {
			isa = PBXVariantGroup;
			children = (
				49098F0A163A247200C6E793 /* en */,
			);
			name = InfoPlist.strings;
			sourceTree = "<group>";
		};
		49098F2D163A247200C6E793 /* InfoPlist.strings */ = {
			isa = PBXVariantGroup;
			children = (
				49098F2E163A247200C6E793 /* en */,
			);
			name = InfoPlist.strings;
			sourceTree = "<group>";
		};
/* End PBXVariantGroup section */

/* Begin XCBuildConfiguration section */
		49098F33163A247200C6E793 /* Debug */ = {
			isa = XCBuildConfiguration;
			buildSettings = {
				ALWAYS_SEARCH_USER_PATHS = NO;
				CLANG_CXX_LANGUAGE_STANDARD = "gnu++0x";
				CLANG_CXX_LIBRARY = "libc++";
				CLANG_ENABLE_OBJC_ARC = YES;
				CLANG_WARN_EMPTY_BODY = YES;
				CLANG_WARN__DUPLICATE_METHOD_MATCH = YES;
				"CODE_SIGN_IDENTITY[sdk=iphoneos*]" = "iPhone Developer";
				COPY_PHASE_STRIP = NO;
				GCC_C_LANGUAGE_STANDARD = gnu99;
				GCC_DYNAMIC_NO_PIC = NO;
				GCC_OPTIMIZATION_LEVEL = 0;
				GCC_PREPROCESSOR_DEFINITIONS = (
					"DEBUG=1",
					"$(inherited)",
				);
				GCC_SYMBOLS_PRIVATE_EXTERN = NO;
				GCC_WARN_ABOUT_RETURN_TYPE = YES;
				GCC_WARN_UNINITIALIZED_AUTOS = YES;
				GCC_WARN_UNUSED_VARIABLE = YES;
				IPHONEOS_DEPLOYMENT_TARGET = 6.0;
				ONLY_ACTIVE_ARCH = YES;
				SDKROOT = iphoneos;
			};
			name = Debug;
		};
		49098F34163A247200C6E793 /* Release */ = {
			isa = XCBuildConfiguration;
			buildSettings = {
				ALWAYS_SEARCH_USER_PATHS = NO;
				CLANG_CXX_LANGUAGE_STANDARD = "gnu++0x";
				CLANG_CXX_LIBRARY = "libc++";
				CLANG_ENABLE_OBJC_ARC = YES;
				CLANG_WARN_EMPTY_BODY = YES;
				CLANG_WARN__DUPLICATE_METHOD_MATCH = YES;
				"CODE_SIGN_IDENTITY[sdk=iphoneos*]" = "iPhone Developer";
				COPY_PHASE_STRIP = YES;
				GCC_C_LANGUAGE_STANDARD = gnu99;
				GCC_WARN_ABOUT_RETURN_TYPE = YES;
				GCC_WARN_UNINITIALIZED_AUTOS = YES;
				GCC_WARN_UNUSED_VARIABLE = YES;
				IPHONEOS_DEPLOYMENT_TARGET = 6.0;
				OTHER_CFLAGS = "-DNS_BLOCK_ASSERTIONS=1";
				SDKROOT = iphoneos;
				VALIDATE_PRODUCT = YES;
			};
			name = Release;
		};
		49098F36163A247200C6E793 /* Debug */ = {
			isa = XCBuildConfiguration;
			buildSettings = {
				CLANG_WARN_OBJCPP_ARC_ABI = NO;
				FRAMEWORK_SEARCH_PATHS = (
					"$(inherited)",
					"\"$(SRCROOT)/../../../Documents/FacebookSDK\"",
				);
				GCC_PRECOMPILE_PREFIX_HEADER = YES;
				GCC_PREFIX_HEADER = "ImageGalleryDemo/ImageGalleryDemo-Prefix.pch";
				INFOPLIST_FILE = "ImageGalleryDemo/ImageGalleryDemo-Info.plist";
				IPHONEOS_DEPLOYMENT_TARGET = 6.0;
				OTHER_LDFLAGS = "-lsqlite3.0";
				PRODUCT_NAME = "$(TARGET_NAME)";
				TARGETED_DEVICE_FAMILY = "1,2";
				WRAPPER_EXTENSION = app;
			};
			name = Debug;
		};
		49098F37163A247200C6E793 /* Release */ = {
			isa = XCBuildConfiguration;
			buildSettings = {
				CLANG_WARN_OBJCPP_ARC_ABI = NO;
				FRAMEWORK_SEARCH_PATHS = (
					"$(inherited)",
					"\"$(SRCROOT)/../../../Documents/FacebookSDK\"",
				);
				GCC_PRECOMPILE_PREFIX_HEADER = YES;
				GCC_PREFIX_HEADER = "ImageGalleryDemo/ImageGalleryDemo-Prefix.pch";
				INFOPLIST_FILE = "ImageGalleryDemo/ImageGalleryDemo-Info.plist";
				IPHONEOS_DEPLOYMENT_TARGET = 6.0;
				OTHER_LDFLAGS = "-lsqlite3.0";
				PRODUCT_NAME = "$(TARGET_NAME)";
				TARGETED_DEVICE_FAMILY = "1,2";
				WRAPPER_EXTENSION = app;
			};
			name = Release;
		};
		49098F39163A247200C6E793 /* Debug */ = {
			isa = XCBuildConfiguration;
			buildSettings = {
				BUNDLE_LOADER = "$(BUILT_PRODUCTS_DIR)/ImageGalleryDemo.app/ImageGalleryDemo";
				FRAMEWORK_SEARCH_PATHS = (
					"\"$(SDKROOT)/Developer/Library/Frameworks\"",
					"\"$(DEVELOPER_LIBRARY_DIR)/Frameworks\"",
				);
				GCC_PRECOMPILE_PREFIX_HEADER = YES;
				GCC_PREFIX_HEADER = "ImageGalleryDemo/ImageGalleryDemo-Prefix.pch";
				INFOPLIST_FILE = "ImageGalleryDemoTests/ImageGalleryDemoTests-Info.plist";
				PRODUCT_NAME = "$(TARGET_NAME)";
				TEST_HOST = "$(BUNDLE_LOADER)";
				WRAPPER_EXTENSION = octest;
			};
			name = Debug;
		};
		49098F3A163A247200C6E793 /* Release */ = {
			isa = XCBuildConfiguration;
			buildSettings = {
				BUNDLE_LOADER = "$(BUILT_PRODUCTS_DIR)/ImageGalleryDemo.app/ImageGalleryDemo";
				FRAMEWORK_SEARCH_PATHS = (
					"\"$(SDKROOT)/Developer/Library/Frameworks\"",
					"\"$(DEVELOPER_LIBRARY_DIR)/Frameworks\"",
				);
				GCC_PRECOMPILE_PREFIX_HEADER = YES;
				GCC_PREFIX_HEADER = "ImageGalleryDemo/ImageGalleryDemo-Prefix.pch";
				INFOPLIST_FILE = "ImageGalleryDemoTests/ImageGalleryDemoTests-Info.plist";
				PRODUCT_NAME = "$(TARGET_NAME)";
				TEST_HOST = "$(BUNDLE_LOADER)";
				WRAPPER_EXTENSION = octest;
			};
			name = Release;
		};
/* End XCBuildConfiguration section */

/* Begin XCConfigurationList section */
		49098EF6163A247200C6E793 /* Build configuration list for PBXProject "ImageGalleryDemo" */ = {
			isa = XCConfigurationList;
			buildConfigurations = (
				49098F33163A247200C6E793 /* Debug */,
				49098F34163A247200C6E793 /* Release */,
			);
			defaultConfigurationIsVisible = 0;
			defaultConfigurationName = Release;
		};
		49098F35163A247200C6E793 /* Build configuration list for PBXNativeTarget "ImageGalleryDemo" */ = {
			isa = XCConfigurationList;
			buildConfigurations = (
				49098F36163A247200C6E793 /* Debug */,
				49098F37163A247200C6E793 /* Release */,
			);
			defaultConfigurationIsVisible = 0;
			defaultConfigurationName = Release;
		};
		49098F38163A247200C6E793 /* Build configuration list for PBXNativeTarget "ImageGalleryDemoTests" */ = {
			isa = XCConfigurationList;
			buildConfigurations = (
				49098F39163A247200C6E793 /* Debug */,
				49098F3A163A247200C6E793 /* Release */,
			);
			defaultConfigurationIsVisible = 0;
			defaultConfigurationName = Release;
		};
/* End XCConfigurationList section */
	};
	rootObject = 49098EF3163A247200C6E793 /* Project object */;
}
